
Microsoft Visual Studio Solution File, Format Version 11.00
# Visual Studio 2010
Project("{FAE04EC0-301F-11D3-BF4B-00C04F79EFBC}") = "Mirror", "Mirror.csproj", "{6AAE52FD-5A87-3DA2-6006-BF6BD5F506B0}"
EndProject
Project("{FAE04EC0-301F-11D3-BF4B-00C04F79EFBC}") = "Assembly-CSharp", "Assembly-CSharp.csproj", "{2A5D2D57-CF32-B0D8-A032-0348DFC33295}"
EndProject
Project("{FAE04EC0-301F-11D3-BF4B-00C04F79EFBC}") = "Assembly-CSharp-firstpass", "Assembly-CSharp-firstpass.csproj", "{674FD414-4DFC-1686-8871-57E6FBF6E530}"
EndProject
Project("{FAE04EC0-301F-11D3-BF4B-00C04F79EFBC}") = "Assembly-CSharp-Editor", "Assembly-CSharp-Editor.csproj", "{6263108A-EC56-3051-A46C-8ED65DBD59A8}"
EndProject
Project("{FAE04EC0-301F-11D3-BF4B-00C04F79EFBC}") = "Mirror.Weaver", "Mirror.Weaver.csproj", "{3E502177-6DCD-E9A7-1238-792D5F55BEBC}"
EndProject
Project("{FAE04EC0-301F-11D3-BF4B-00C04F79EFBC}") = "Mirror.Tests", "Mirror.Tests.csproj", "{AAFAA8A9-B0B9-D245-E577-5109A90B3829}"
EndProject
Global
	GlobalSection(SolutionConfigurationPlatforms) = preSolution
		Debug|Any CPU = Debug|Any CPU
		Release|Any CPU = Release|Any CPU
	EndGlobalSection
	GlobalSection(ProjectConfigurationPlatforms) = postSolution
		{6AAE52FD-5A87-3DA2-6006-BF6BD5F506B0}.Debug|Any CPU.ActiveCfg = Debug|Any CPU
		{6AAE52FD-5A87-3DA2-6006-BF6BD5F506B0}.Debug|Any CPU.Build.0 = Debug|Any CPU
		{6AAE52FD-5A87-3DA2-6006-BF6BD5F506B0}.Release|Any CPU.ActiveCfg = Release|Any CPU
		{6AAE52FD-5A87-3DA2-6006-BF6BD5F506B0}.Release|Any CPU.Build.0 = Release|Any CPU
		{2A5D2D57-CF32-B0D8-A032-0348DFC33295}.Debug|Any CPU.ActiveCfg = Debug|Any CPU
		{2A5D2D57-CF32-B0D8-A032-0348DFC33295}.Debug|Any CPU.Build.0 = Debug|Any CPU
		{2A5D2D57-CF32-B0D8-A032-0348DFC33295}.Release|Any CPU.ActiveCfg = Release|Any CPU
		{2A5D2D57-CF32-B0D8-A032-0348DFC33295}.Release|Any CPU.Build.0 = Release|Any CPU
		{674FD414-4DFC-1686-8871-57E6FBF6E530}.Debug|Any CPU.ActiveCfg = Debug|Any CPU
		{674FD414-4DFC-1686-8871-57E6FBF6E530}.Debug|Any CPU.Build.0 = Debug|Any CPU
		{674FD414-4DFC-1686-8871-57E6FBF6E530}.Release|Any CPU.ActiveCfg = Release|Any CPU
		{674FD414-4DFC-1686-8871-57E6FBF6E530}.Release|Any CPU.Build.0 = Release|Any CPU
		{6263108A-EC56-3051-A46C-8ED65DBD59A8}.Debug|Any CPU.ActiveCfg = Debug|Any CPU
		{6263108A-EC56-3051-A46C-8ED65DBD59A8}.Debug|Any CPU.Build.0 = Debug|Any CPU
		{6263108A-EC56-3051-A46C-8ED65DBD59A8}.Release|Any CPU.ActiveCfg = Release|Any CPU
		{6263108A-EC56-3051-A46C-8ED65DBD59A8}.Release|Any CPU.Build.0 = Release|Any CPU
		{3E502177-6DCD-E9A7-1238-792D5F55BEBC}.Debug|Any CPU.ActiveCfg = Debug|Any CPU
		{3E502177-6DCD-E9A7-1238-792D5F55BEBC}.Debug|Any CPU.Build.0 = Debug|Any CPU
		{3E502177-6DCD-E9A7-1238-792D5F55BEBC}.Release|Any CPU.ActiveCfg = Release|Any CPU
		{3E502177-6DCD-E9A7-1238-792D5F55BEBC}.Release|Any CPU.Build.0 = Release|Any CPU
		{AAFAA8A9-B0B9-D245-E577-5109A90B3829}.Debug|Any CPU.ActiveCfg = Debug|Any CPU
		{AAFAA8A9-B0B9-D245-E577-5109A90B3829}.Debug|Any CPU.Build.0 = Debug|Any CPU
		{AAFAA8A9-B0B9-D245-E577-5109A90B3829}.Release|Any CPU.ActiveCfg = Release|Any CPU
		{AAFAA8A9-B0B9-D245-E577-5109A90B3829}.Release|Any CPU.Build.0 = Release|Any CPU
	EndGlobalSection
	GlobalSection(SolutionProperties) = preSolution
		HideSolutionNode = FALSE
	EndGlobalSection
	GlobalSection(MonoDevelopProperties) = preSolution
		StartupItem = Assembly-CSharp.csproj
	EndGlobalSection
EndGlobal
